
Microsoft Visual Studio Solution File, Format Version 12.00
# Visual Studio Version 17
VisualStudioVersion = 17.11.35327.3
MinimumVisualStudioVersion = 10.0.40219.1
Project("{FAE04EC0-301F-11D3-BF4B-00C04F79EFBC}") = "StaffUpgrades", "StaffUpgrades\StaffUpgrades.csproj", "{EA333453-5286-4343-944A-A14940E3818E}"
EndProject
Global
	GlobalSection(SolutionConfigurationPlatforms) = preSolution
		Debug|Any CPU = Debug|Any CPU
		Release|Any CPU = Release|Any CPU
	EndGlobalSection
	GlobalSection(ProjectConfigurationPlatforms) = postSolution
		{EA333453-5286-4343-944A-A14940E3818E}.Debug|Any CPU.ActiveCfg = Debug|Any CPU
		{EA333453-5286-4343-944A-A14940E3818E}.Debug|Any CPU.Build.0 = Debug|Any CPU
		{EA333453-5286-4343-944A-A14940E3818E}.Release|Any CPU.ActiveCfg = Release|Any CPU
		{EA333453-5286-4343-944A-A14940E3818E}.Release|Any CPU.Build.0 = Release|Any CPU
	EndGlobalSection
	GlobalSection(SolutionProperties) = preSolution
		HideSolutionNode = FALSE
	EndGlobalSection
	GlobalSection(ExtensibilityGlobals) = postSolution
		SolutionGuid = {5F55AD0C-7FB9-4DD5-BE76-4612F8EE66C8}
	EndGlobalSection
EndGlobal
